
Microsoft Visual Studio Solution File, Format Version 12.00
# Visual Studio Version 16
VisualStudioVersion = 16.0.30114.105
MinimumVisualStudioVersion = 10.0.40219.1
Project("{FAE04EC0-301F-11D3-BF4B-00C04F79EFBC}") = "LeadTheRoad", "LeadTheRoad\LeadTheRoad.csproj", "{0C6B5B62-58FC-49D3-BDDB-B955FD693DC2}"
EndProject
Global
	GlobalSection(SolutionConfigurationPlatforms) = preSolution
		Debug|Any CPU = Debug|Any CPU
		Release|Any CPU = Release|Any CPU
	EndGlobalSection
	GlobalSection(ProjectConfigurationPlatforms) = postSolution
		{0C6B5B62-58FC-49D3-BDDB-B955FD693DC2}.Debug|Any CPU.ActiveCfg = Debug|Any CPU
		{0C6B5B62-58FC-49D3-BDDB-B955FD693DC2}.Debug|Any CPU.Build.0 = Debug|Any CPU
		{0C6B5B62-58FC-49D3-BDDB-B955FD693DC2}.Release|Any CPU.ActiveCfg = Release|Any CPU
		{0C6B5B62-58FC-49D3-BDDB-B955FD693DC2}.Release|Any CPU.Build.0 = Release|Any CPU
	EndGlobalSection
	GlobalSection(SolutionProperties) = preSolution
		HideSolutionNode = FALSE
	EndGlobalSection
	GlobalSection(ExtensibilityGlobals) = postSolution
		SolutionGuid = {5C905422-DED1-48F5-9D28-05E7149A8D31}
	EndGlobalSection
EndGlobal
